
Microsoft Visual Studio Solution File, Format Version 12.00
# Visual Studio Version 17
VisualStudioVersion = 17.14.37216.2 d17.14
MinimumVisualStudioVersion = 10.0.40219.1
Project("{FAE04EC0-301F-11D3-BF4B-00C04F79EFBC}") = "BobCorn.API", "BobCorn.API\BobCorn.API.csproj", "{23B06FE0-52A9-477A-890C-61E9FD0682DA}"
EndProject
Project("{FAE04EC0-301F-11D3-BF4B-00C04F79EFBC}") = "BobCorn.Application", "BobCorn.Application\BobCorn.Application.csproj", "{B4BAAA5A-BB28-4434-9243-762895BD657F}"
EndProject
Project("{FAE04EC0-301F-11D3-BF4B-00C04F79EFBC}") = "BobCorn.Domain", "BobCorn.Domain\BobCorn.Domain.csproj", "{DB221843-843B-43DB-AB23-A296225D673A}"
EndProject
Project("{FAE04EC0-301F-11D3-BF4B-00C04F79EFBC}") = "BobCorn.Infrastructure", "BobCorn.Infrastructure\BobCorn.Infrastructure.csproj", "{2390CC1D-8C10-433A-845D-F8D4BC1717B9}"
EndProject
Global
	GlobalSection(SolutionConfigurationPlatforms) = preSolution
		Debug|Any CPU = Debug|Any CPU
		Release|Any CPU = Release|Any CPU
	EndGlobalSection
	GlobalSection(ProjectConfigurationPlatforms) = postSolution
		{23B06FE0-52A9-477A-890C-61E9FD0682DA}.Debug|Any CPU.ActiveCfg = Debug|Any CPU
		{23B06FE0-52A9-477A-890C-61E9FD0682DA}.Debug|Any CPU.Build.0 = Debug|Any CPU
		{23B06FE0-52A9-477A-890C-61E9FD0682DA}.Release|Any CPU.ActiveCfg = Release|Any CPU
		{23B06FE0-52A9-477A-890C-61E9FD0682DA}.Release|Any CPU.Build.0 = Release|Any CPU
		{B4BAAA5A-BB28-4434-9243-762895BD657F}.Debug|Any CPU.ActiveCfg = Debug|Any CPU
		{B4BAAA5A-BB28-4434-9243-762895BD657F}.Debug|Any CPU.Build.0 = Debug|Any CPU
		{B4BAAA5A-BB28-4434-9243-762895BD657F}.Release|Any CPU.ActiveCfg = Release|Any CPU
		{B4BAAA5A-BB28-4434-9243-762895BD657F}.Release|Any CPU.Build.0 = Release|Any CPU
		{DB221843-843B-43DB-AB23-A296225D673A}.Debug|Any CPU.ActiveCfg = Debug|Any CPU
		{DB221843-843B-43DB-AB23-A296225D673A}.Debug|Any CPU.Build.0 = Debug|Any CPU
		{DB221843-843B-43DB-AB23-A296225D673A}.Release|Any CPU.ActiveCfg = Release|Any CPU
		{DB221843-843B-43DB-AB23-A296225D673A}.Release|Any CPU.Build.0 = Release|Any CPU
		{2390CC1D-8C10-433A-845D-F8D4BC1717B9}.Debug|Any CPU.ActiveCfg = Debug|Any CPU
		{2390CC1D-8C10-433A-845D-F8D4BC1717B9}.Debug|Any CPU.Build.0 = Debug|Any CPU
		{2390CC1D-8C10-433A-845D-F8D4BC1717B9}.Release|Any CPU.ActiveCfg = Release|Any CPU
		{2390CC1D-8C10-433A-845D-F8D4BC1717B9}.Release|Any CPU.Build.0 = Release|Any CPU
	EndGlobalSection
	GlobalSection(SolutionProperties) = preSolution
		HideSolutionNode = FALSE
	EndGlobalSection
	GlobalSection(ExtensibilityGlobals) = postSolution
		SolutionGuid = {BE2566A0-DDF2-4616-B10C-BF338174C0B6}
	EndGlobalSection
EndGlobal
